
Microsoft Visual Studio Solution File, Format Version 12.00
# Visual Studio Version 17
VisualStudioVersion = 17.14.36518.9 d17.14
MinimumVisualStudioVersion = 10.0.40219.1
Project("{FAE04EC0-301F-11D3-BF4B-00C04F79EFBC}") = "ProcessManager", "ProcessManager\ProcessManager.csproj", "{AD949407-4338-4B82-B4D2-814C2A0C681F}"
EndProject
Global
	GlobalSection(SolutionConfigurationPlatforms) = preSolution
		Debug|Any CPU = Debug|Any CPU
		Release|Any CPU = Release|Any CPU
	EndGlobalSection
	GlobalSection(ProjectConfigurationPlatforms) = postSolution
		{AD949407-4338-4B82-B4D2-814C2A0C681F}.Debug|Any CPU.ActiveCfg = Debug|Any CPU
		{AD949407-4338-4B82-B4D2-814C2A0C681F}.Debug|Any CPU.Build.0 = Debug|Any CPU
		{AD949407-4338-4B82-B4D2-814C2A0C681F}.Release|Any CPU.ActiveCfg = Release|Any CPU
		{AD949407-4338-4B82-B4D2-814C2A0C681F}.Release|Any CPU.Build.0 = Release|Any CPU
	EndGlobalSection
	GlobalSection(SolutionProperties) = preSolution
		HideSolutionNode = FALSE
	EndGlobalSection
	GlobalSection(ExtensibilityGlobals) = postSolution
		SolutionGuid = {791EB1A4-2EFA-45A5-926B-3C33DA344E3D}
	EndGlobalSection
EndGlobal
